
Microsoft Visual Studio Solution File, Format Version 12.00
# Visual Studio Version 16
VisualStudioVersion = 16.0.29920.165
MinimumVisualStudioVersion = 10.0.40219.1
Project("{FAE04EC0-301F-11D3-BF4B-00C04F79EFBC}") = "Test", "Test\Test.csproj", "{1AAA4EFB-5290-4419-B61C-421AC5A8C3E5}"
EndProject
Global
	GlobalSection(SolutionConfigurationPlatforms) = preSolution
		Debug|Any CPU = Debug|Any CPU
		Release|Any CPU = Release|Any CPU
	EndGlobalSection
	GlobalSection(ProjectConfigurationPlatforms) = postSolution
		{1AAA4EFB-5290-4419-B61C-421AC5A8C3E5}.Debug|Any CPU.ActiveCfg = Debug|Any CPU
		{1AAA4EFB-5290-4419-B61C-421AC5A8C3E5}.Debug|Any CPU.Build.0 = Debug|Any CPU
		{1AAA4EFB-5290-4419-B61C-421AC5A8C3E5}.Release|Any CPU.ActiveCfg = Release|Any CPU
		{1AAA4EFB-5290-4419-B61C-421AC5A8C3E5}.Release|Any CPU.Build.0 = Release|Any CPU
	EndGlobalSection
	GlobalSection(SolutionProperties) = preSolution
		HideSolutionNode = FALSE
	EndGlobalSection
	GlobalSection(ExtensibilityGlobals) = postSolution
		SolutionGuid = {0AD0AC8F-746C-476D-835F-6B4D904BC480}
	EndGlobalSection
EndGlobal
